// !$*UTF8*$!
{
	archiveVersion = 1;
	classes = {
	};
	objectVersion = 50;
	objects = {

/* Begin PBXBuildFile section */
		79C827DB25FC04DC00237931 /* AppDelegate.swift in Sources */ = {isa = PBXBuildFile; fileRef = 79C827DA25FC04DC00237931 /* AppDelegate.swift */; };
		79C827DD25FC04DC00237931 /* SceneDelegate.swift in Sources */ = {isa = PBXBuildFile; fileRef = 79C827DC25FC04DC00237931 /* SceneDelegate.swift */; };
		79C827DF25FC04DC00237931 /* ViewController.swift in Sources */ = {isa = PBXBuildFile; fileRef = 79C827DE25FC04DC00237931 /* ViewController.swift */; };
		79C827E225FC04DC00237931 /* Main.storyboard in Resources */ = {isa = PBXBuildFile; fileRef = 79C827E025FC04DC00237931 /* Main.storyboard */; };
		79C827E425FC04DE00237931 /* Assets.xcassets in Resources */ = {isa = PBXBuildFile; fileRef = 79C827E325FC04DE00237931 /* Assets.xcassets */; };
		79C827E725FC04DE00237931 /* LaunchScreen.storyboard in Resources */ = {isa = PBXBuildFile; fileRef = 79C827E525FC04DE00237931 /* LaunchScreen.storyboard */; };
/* End PBXBuildFile section */

/* Begin PBXFileReference section */
		79C827D725FC04DC00237931 /* SwiftUI-Preview-for-UIKit.app */ = {isa = PBXFileReference; explicitFileType = wrapper.application; includeInIndex = 0; path = "SwiftUI-Preview-for-UIKit.app"; sourceTree = BUILT_PRODUCTS_DIR; };
		79C827DA25FC04DC00237931 /* AppDelegate.swift */ = {isa = PBXFileReference; lastKnownFileType = sourcecode.swift; path = AppDelegate.swift; sourceTree = "<group>"; };
		79C827DC25FC04DC00237931 /* SceneDelegate.swift */ = {isa = PBXFileReference; lastKnownFileType = sourcecode.swift; path = SceneDelegate.swift; sourceTree = "<group>"; };
		79C827DE25FC04DC00237931 /* ViewController.swift */ = {isa = PBXFileReference; lastKnownFileType = sourcecode.swift; path = ViewController.swift; sourceTree = "<group>"; };
		79C827E125FC04DC00237931 /* Base */ = {isa = PBXFileReference; lastKnownFileType = file.storyboard; name = Base; path = Base.lproj/Main.storyboard; sourceTree = "<group>"; };
		79C827E325FC04DE00237931 /* Assets.xcassets */ = {isa = PBXFileReference; lastKnownFileType = folder.assetcatalog; path = Assets.xcassets; sourceTree = "<group>"; };
		79C827E625FC04DE00237931 /* Base */ = {isa = PBXFileReference; lastKnownFileType = file.storyboard; name = Base; path = Base.lproj/LaunchScreen.storyboard; sourceTree = "<group>"; };
		79C827E825FC04DE00237931 /* Info.plist */ = {isa = PBXFileReference; lastKnownFileType = text.plist.xml; path = Info.plist; sourceTree = "<group>"; };
/* End PBXFileReference section */

/* Begin PBXFrameworksBuildPhase section */
		79C827D425FC04DC00237931 /* Frameworks */ = {
			isa = PBXFrameworksBuildPhase;
			buildActionMask = 2147483647;
			files = (
			);
			runOnlyForDeploymentPostprocessing = 0;
		};
/* End PBXFrameworksBuildPhase section */

/* Begin PBXGroup section */
		79C827CE25FC04DC00237931 = {
			isa = PBXGroup;
			children = (
				79C827D925FC04DC00237931 /* SwiftUI-Preview-for-UIKit */,
				79C827D825FC04DC00237931 /* Products */,
			);
			sourceTree = "<group>";
		};
		79C827D825FC04DC00237931 /* Products */ = {
			isa = PBXGroup;
			children = (
				79C827D725FC04DC00237931 /* SwiftUI-Preview-for-UIKit.app */,
			);
			name = Products;
			sourceTree = "<group>";
		};
		79C827D925FC04DC00237931 /* SwiftUI-Preview-for-UIKit */ = {
			isa = PBXGroup;
			children = (
				79C827DA25FC04DC00237931 /* AppDelegate.swift */,
				79C827DC25FC04DC00237931 /* SceneDelegate.swift */,
				79C827DE25FC04DC00237931 /* ViewController.swift */,
				79C827E025FC04DC00237931 /* Main.storyboard */,
				79C827E325FC04DE00237931 /* Assets.xcassets */,
				79C827E525FC04DE00237931 /* LaunchScreen.storyboard */,
				79C827E825FC04DE00237931 /* Info.plist */,
			);
			path = "SwiftUI-Preview-for-UIKit";
			sourceTree = "<group>";
		};
/* End PBXGroup section */

/* Begin PBXNativeTarget section */
		79C827D625FC04DC00237931 /* SwiftUI-Preview-for-UIKit */ = {
			isa = PBXNativeTarget;
			buildConfigurationList = 79C827EB25FC04DE00237931 /* Build configuration list for PBXNativeTarget "SwiftUI-Preview-for-UIKit" */;
			buildPhases = (
				79C827D325FC04DC00237931 /* Sources */,
				79C827D425FC04DC00237931 /* Frameworks */,
				79C827D525FC04DC00237931 /* Resources */,
			);
			buildRules = (
			);
			dependencies = (
			);
			name = "SwiftUI-Preview-for-UIKit";
			productName = "SwiftUI-Preview-for-UIKit";
			productReference = 79C827D725FC04DC00237931 /* SwiftUI-Preview-for-UIKit.app */;
			productType = "com.apple.product-type.application";
		};
/* End PBXNativeTarget section */

/* Begin PBXProject section */
		79C827CF25FC04DC00237931 /* Project object */ = {
			isa = PBXProject;
			attributes = {
				LastSwiftUpdateCheck = 1230;
				LastUpgradeCheck = 1230;
				TargetAttributes = {
					79C827D625FC04DC00237931 = {
						CreatedOnToolsVersion = 12.3;
					};
				};
			};
			buildConfigurationList = 79C827D225FC04DC00237931 /* Build configuration list for PBXProject "SwiftUI-Preview-for-UIKit" */;
			compatibilityVersion = "Xcode 9.3";
			developmentRegion = en;
			hasScannedForEncodings = 0;
			knownRegions = (
				en,
				Base,
			);
			mainGroup = 79C827CE25FC04DC00237931;
			productRefGroup = 79C827D825FC04DC00237931 /* Products */;
			projectDirPath = "";
			projectRoot = "";
			targets = (
				79C827D625FC04DC00237931 /* SwiftUI-Preview-for-UIKit */,
			);
		};
/* End PBXProject section */

/* Begin PBXResourcesBuildPhase section */
		79C827D525FC04DC00237931 /* Resources */ = {
			isa = PBXResourcesBuildPhase;
			buildActionMask = 2147483647;
			files = (
				79C827E725FC04DE00237931 /* LaunchScreen.storyboard in Resources */,
				79C827E425FC04DE00237931 /* Assets.xcassets in Resources */,
				79C827E225FC04DC00237931 /* Main.storyboard in Resources */,
			);
			runOnlyForDeploymentPostprocessing = 0;
		};
/* End PBXResourcesBuildPhase section */

/* Begin PBXSourcesBuildPhase section */
		79C827D325FC04DC00237931 /* Sources */ = {
			isa = PBXSourcesBuildPhase;
			buildActionMask = 2147483647;
			files = (
				79C827DF25FC04DC00237931 /* ViewController.swift in Sources */,
				79C827DB25FC04DC00237931 /* AppDelegate.swift in Sources */,
				79C827DD25FC04DC00237931 /* SceneDelegate.swift in Sources */,
			);
			runOnlyForDeploymentPostprocessing = 0;
		};
/* End PBXSourcesBuildPhase section */

/* Begin PBXVariantGroup section */
		79C827E025FC04DC00237931 /* Main.storyboard */ = {
			isa = PBXVariantGroup;
			children = (
				79C827E125FC04DC00237931 /* Base */,
			);
			name = Main.storyboard;
			sourceTree = "<group>";
		};
		79C827E525FC04DE00237931 /* LaunchScreen.storyboard */ = {
			isa = PBXVariantGroup;
			children = (
				79C827E625FC04DE00237931 /* Base */,
			);
			name = LaunchScreen.storyboard;
			sourceTree = "<group>";
		};
/* End PBXVariantGroup section */

/* Begin XCBuildConfiguration section */
		79C827E925FC04DE00237931 /* Debug */ = {
			isa = XCBuildConfiguration;
			buildSettings = {
				ALWAYS_SEARCH_USER_PATHS = NO;
				CLANG_ANALYZER_NONNULL = YES;
				CLANG_ANALYZER_NUMBER_OBJECT_CONVERSION = YES_AGGRESSIVE;
				CLANG_CXX_LANGUAGE_STANDARD = "gnu++14";
				CLANG_CXX_LIBRARY = "libc++";
				CLANG_ENABLE_MODULES = YES;
				CLANG_ENABLE_OBJC_ARC = YES;
				CLANG_ENABLE_OBJC_WEAK = YES;
				CLANG_WARN_BLOCK_CAPTURE_AUTORELEASING = YES;
				CLANG_WARN_BOOL_CONVERSION = YES;
				CLANG_WARN_COMMA = YES;
				CLANG_WARN_CONSTANT_CONVERSION = YES;
				CLANG_WARN_DEPRECATED_OBJC_IMPLEMENTATIONS = YES;
				CLANG_WARN_DIRECT_OBJC_ISA_USAGE = YES_ERROR;
				CLANG_WARN_DOCUMENTATION_COMMENTS = YES;
				CLANG_WARN_EMPTY_BODY = YES;
				CLANG_WARN_ENUM_CONVERSION = YES;
				CLANG_WARN_INFINITE_RECURSION = YES;
				CLANG_WARN_INT_CONVERSION = YES;
				CLANG_WARN_NON_LITERAL_NULL_CONVERSION = YES;
				CLANG_WARN_OBJC_IMPLICIT_RETAIN_SELF = YES;
				CLANG_WARN_OBJC_LITERAL_CONVERSION = YES;
				CLANG_WARN_OBJC_ROOT_CLASS = YES_ERROR;
				CLANG_WARN_QUOTED_INCLUDE_IN_FRAMEWORK_HEADER = YES;
				CLANG_WARN_RANGE_LOOP_ANALYSIS = YES;
				CLANG_WARN_STRICT_PROTOTYPES = YES;
				CLANG_WARN_SUSPICIOUS_MOVE = YES;
				CLANG_WARN_UNGUARDED_AVAILABILITY = YES_AGGRESSIVE;
				CLANG_WARN_UNREACHABLE_CODE = YES;
				CLANG_WARN__DUPLICATE_METHOD_MATCH = YES;
				COPY_PHASE_STRIP = NO;
				DEBUG_INFORMATION_FORMAT = dwarf;
				ENABLE_STRICT_OBJC_MSGSEND = YES;
				ENABLE_TESTABILITY = YES;
				GCC_C_LANGUAGE_STANDARD = gnu11;
				GCC_DYNAMIC_NO_PIC = NO;
				GCC_NO_COMMON_BLOCKS = YES;
				GCC_OPTIMIZATION_LEVEL = 0;
				GCC_PREPROCESSOR_DEFINITIONS = (
					"DEBUG=1",
					"$(inherited)",
				);
				GCC_WARN_64_TO_32_BIT_CONVERSION = YES;
				GCC_WARN_ABOUT_RETURN_TYPE = YES_ERROR;
				GCC_WARN_UNDECLARED_SELECTOR = YES;
				GCC_WARN_UNINITIALIZED_AUTOS = YES_AGGRESSIVE;
				GCC_WARN_UNUSED_FUNCTION = YES;
				GCC_WARN_UNUSED_VARIABLE = YES;
				IPHONEOS_DEPLOYMENT_TARGET = 14.3;
				MTL_ENABLE_DEBUG_INFO = INCLUDE_SOURCE;
				MTL_FAST_MATH = YES;
				ONLY_ACTIVE_ARCH = YES;
				SDKROOT = iphoneos;
				SWIFT_ACTIVE_COMPILATION_CONDITIONS = DEBUG;
				SWIFT_OPTIMIZATION_LEVEL = "-Onone";
			};
			name = Debug;
		};
		79C827EA25FC04DE00237931 /* Release */ = {
			isa = XCBuildConfiguration;
			buildSettings = {
				ALWAYS_SEARCH_USER_PATHS = NO;
				CLANG_ANALYZER_NONNULL = YES;
				CLANG_ANALYZER_NUMBER_OBJECT_CONVERSION = YES_AGGRESSIVE;
				CLANG_CXX_LANGUAGE_STANDARD = "gnu++14";
				CLANG_CXX_LIBRARY = "libc++";
				CLANG_ENABLE_MODULES = YES;
				CLANG_ENABLE_OBJC_ARC = YES;
				CLANG_ENABLE_OBJC_WEAK = YES;
				CLANG_WARN_BLOCK_CAPTURE_AUTORELEASING = YES;
				CLANG_WARN_BOOL_CONVERSION = YES;
				CLANG_WARN_COMMA = YES;
				CLANG_WARN_CONSTANT_CONVERSION = YES;
				CLANG_WARN_DEPRECATED_OBJC_IMPLEMENTATIONS = YES;
				CLANG_WARN_DIRECT_OBJC_ISA_USAGE = YES_ERROR;
				CLANG_WARN_DOCUMENTATION_COMMENTS = YES;
				CLANG_WARN_EMPTY_BODY = YES;
				CLANG_WARN_ENUM_CONVERSION = YES;
				CLANG_WARN_INFINITE_RECURSION = YES;
				CLANG_WARN_INT_CONVERSION = YES;
				CLANG_WARN_NON_LITERAL_NULL_CONVERSION = YES;
				CLANG_WARN_OBJC_IMPLICIT_RETAIN_SELF = YES;
				CLANG_WARN_OBJC_LITERAL_CONVERSION = YES;
				CLANG_WARN_OBJC_ROOT_CLASS = YES_ERROR;
				CLANG_WARN_QUOTED_INCLUDE_IN_FRAMEWORK_HEADER = YES;
				CLANG_WARN_RANGE_LOOP_ANALYSIS = YES;
				CLANG_WARN_STRICT_PROTOTYPES = YES;
				CLANG_WARN_SUSPICIOUS_MOVE = YES;
				CLANG_WARN_UNGUARDED_AVAILABILITY = YES_AGGRESSIVE;
				CLANG_WARN_UNREACHABLE_CODE = YES;
				CLANG_WARN__DUPLICATE_METHOD_MATCH = YES;
				COPY_PHASE_STRIP = NO;
				DEBUG_INFORMATION_FORMAT = "dwarf-with-dsym";
				ENABLE_NS_ASSERTIONS = NO;
				ENABLE_STRICT_OBJC_MSGSEND = YES;
				GCC_C_LANGUAGE_STANDARD = gnu11;
				GCC_NO_COMMON_BLOCKS = YES;
				GCC_WARN_64_TO_32_BIT_CONVERSION = YES;
				GCC_WARN_ABOUT_RETURN_TYPE = YES_ERROR;
				GCC_WARN_UNDECLARED_SELECTOR = YES;
				GCC_WARN_UNINITIALIZED_AUTOS = YES_AGGRESSIVE;
				GCC_WARN_UNUSED_FUNCTION = YES;
				GCC_WARN_UNUSED_VARIABLE = YES;
				IPHONEOS_DEPLOYMENT_TARGET = 14.3;
				MTL_ENABLE_DEBUG_INFO = NO;
				MTL_FAST_MATH = YES;
				SDKROOT = iphoneos;
				SWIFT_COMPILATION_MODE = wholemodule;
				SWIFT_OPTIMIZATION_LEVEL = "-O";
				VALIDATE_PRODUCT = YES;
			};
			name = Release;
		};
		79C827EC25FC04DE00237931 /* Debug */ = {
			isa = XCBuildConfiguration;
			buildSettings = {
				ASSETCATALOG_COMPILER_APPICON_NAME = AppIcon;
				ASSETCATALOG_COMPILER_GLOBAL_ACCENT_COLOR_NAME = AccentColor;
				CODE_SIGN_STYLE = Automatic;
				DEVELOPMENT_TEAM = F5RYHB52XL;
				INFOPLIST_FILE = "SwiftUI-Preview-for-UIKit/Info.plist";
				LD_RUNPATH_SEARCH_PATHS = (
					"$(inherited)",
					"@executable_path/Frameworks",
				);
				PRODUCT_BUNDLE_IDENTIFIER = "com.JoshRondestvedt.SwiftUI-Preview-for-UIKit";
				PRODUCT_NAME = "$(TARGET_NAME)";
				SWIFT_VERSION = 5.0;
				TARGETED_DEVICE_FAMILY = "1,2";
			};
			name = Debug;
		};
		79C827ED25FC04DE00237931 /* Release */ = {
			isa = XCBuildConfiguration;
			buildSettings = {
				ASSETCATALOG_COMPILER_APPICON_NAME = AppIcon;
				ASSETCATALOG_COMPILER_GLOBAL_ACCENT_COLOR_NAME = AccentColor;
				CODE_SIGN_STYLE = Automatic;
				DEVELOPMENT_TEAM = F5RYHB52XL;
				INFOPLIST_FILE = "SwiftUI-Preview-for-UIKit/Info.plist";
				LD_RUNPATH_SEARCH_PATHS = (
					"$(inherited)",
					"@executable_path/Frameworks",
				);
				PRODUCT_BUNDLE_IDENTIFIER = "com.JoshRondestvedt.SwiftUI-Preview-for-UIKit";
				PRODUCT_NAME = "$(TARGET_NAME)";
				SWIFT_VERSION = 5.0;
				TARGETED_DEVICE_FAMILY = "1,2";
			};
			name = Release;
		};
/* End XCBuildConfiguration section */

/* Begin XCConfigurationList section */
		79C827D225FC04DC00237931 /* Build configuration list for PBXProject "SwiftUI-Preview-for-UIKit" */ = {
			isa = XCConfigurationList;
			buildConfigurations = (
				79C827E925FC04DE00237931 /* Debug */,
				79C827EA25FC04DE00237931 /* Release */,
			);
			defaultConfigurationIsVisible = 0;
			defaultConfigurationName = Release;
		};
		79C827EB25FC04DE00237931 /* Build configuration list for PBXNativeTarget "SwiftUI-Preview-for-UIKit" */ = {
			isa = XCConfigurationList;
			buildConfigurations = (
				79C827EC25FC04DE00237931 /* Debug */,
				79C827ED25FC04DE00237931 /* Release */,
			);
			defaultConfigurationIsVisible = 0;
			defaultConfigurationName = Release;
		};
/* End XCConfigurationList section */
	};
	rootObject = 79C827CF25FC04DC00237931 /* Project object */;
}
